
Microsoft Visual Studio Solution File, Format Version 12.00
# Visual Studio 14
VisualStudioVersion = 14.0.24720.0
MinimumVisualStudioVersion = 10.0.40219.1
Project("{FAE04EC0-301F-11D3-BF4B-00C04F79EFBC}") = "KnoledgeBase", "KnoledgeBase\KnoledgeBase.csproj", "{E1D6C98E-E386-4FF8-88BD-9A2288209CCF}"
EndProject
Project("{FAE04EC0-301F-11D3-BF4B-00C04F79EFBC}") = "DAL", "DAL\DAL.csproj", "{98695871-C15F-436D-834D-05E4F29F1B03}"
EndProject
Project("{2150E333-8FDC-42A3-9474-1A3956D46DE8}") = "Modules", "Modules", "{87D3FD46-479A-49EC-80F4-9DBE8345A9FE}"
EndProject
Project("{FAE04EC0-301F-11D3-BF4B-00C04F79EFBC}") = "KnolwdgeBase.Infrastructure", "KnolwdgeBase.Infrastructure\KnolwdgeBase.Infrastructure.csproj", "{46BBD1B5-B7BA-40F5-A6AB-D97289B143A5}"
EndProject
Project("{FAE04EC0-301F-11D3-BF4B-00C04F79EFBC}") = "KB.StatusBar", "Modules\KB.StatusBar\KB.StatusBar.csproj", "{8C3C5892-8985-49A1-9A12-801DD12BF7E7}"
EndProject
Project("{FAE04EC0-301F-11D3-BF4B-00C04F79EFBC}") = "KB.People", "Modules\KB.People\KB.People.csproj", "{D5276B2F-B895-4185-A55A-30CDD2E14730}"
EndProject
Project("{2150E333-8FDC-42A3-9474-1A3956D46DE8}") = "Business", "Business", "{8B961AF1-CB86-47B0-AF44-05EE3F88F636}"
EndProject
Project("{FAE04EC0-301F-11D3-BF4B-00C04F79EFBC}") = "KB.Business", "Business\KB.Business\KB.Business.csproj", "{5F3DAF58-D67A-4122-A710-4E5D714B59D4}"
EndProject
Project("{FAE04EC0-301F-11D3-BF4B-00C04F79EFBC}") = "KB.Toolbar", "Modules\KB.Toolbar\KB.Toolbar.csproj", "{9AAE7D27-8EB0-426C-AC66-D15BDA9FA9AC}"
EndProject
Project("{FAE04EC0-301F-11D3-BF4B-00C04F79EFBC}") = "KB.Services", "Modules\KB.Services\KB.Services.csproj", "{81DF9E6C-3832-4B85-8200-CB8CA8EC50F9}"
EndProject
Project("{2150E333-8FDC-42A3-9474-1A3956D46DE8}") = "Services", "Services", "{AA323F08-80E2-49CC-A1F4-706F8E9012C0}"
EndProject
Project("{FAE04EC0-301F-11D3-BF4B-00C04F79EFBC}") = "Services.PersonService", "Services\Services.PersonService\Services.PersonService.csproj", "{ECF30690-95AB-4167-99AF-61EA18371BD0}"
EndProject
Project("{FAE04EC0-301F-11D3-BF4B-00C04F79EFBC}") = "ModuleA", "Modules\ModuleA\ModuleA.csproj", "{92BBD591-137B-419E-95DF-90B8BAAB3C19}"
EndProject
Project("{FAE04EC0-301F-11D3-BF4B-00C04F79EFBC}") = "CategoryModule", "Modules\CategoryModule\CategoryModule.csproj", "{69A76156-DD02-4C70-B7F5-3ACDB8B9CF8A}"
EndProject
Project("{FAE04EC0-301F-11D3-BF4B-00C04F79EFBC}") = "BLService", "Services\Services.BLService\BLService.csproj", "{0B09E253-902D-4A66-94D5-28FA31BF21C9}"
EndProject
Project("{FAE04EC0-301F-11D3-BF4B-00C04F79EFBC}") = "UnitTestProject1", "UnitTestProject1\UnitTestProject1.csproj", "{E3449D06-0257-4DC3-9F4D-4446CB90CEB6}"
EndProject
Project("{FAE04EC0-301F-11D3-BF4B-00C04F79EFBC}") = "DomainClasses", "DomainClasses\DomainClasses.csproj", "{9B7E22F0-B173-4B44-9B23-F26CA856A161}"
EndProject
Project("{FAE04EC0-301F-11D3-BF4B-00C04F79EFBC}") = "SubCategoryModule", "Modules\SubCategoryModule\SubCategoryModule.csproj", "{C3BBC5EE-DD6F-4D91-B2AD-DBB9B315E9C7}"
EndProject
Project("{FAE04EC0-301F-11D3-BF4B-00C04F79EFBC}") = "KB.CategoryModule", "Modules\KB.CategoryModule\KB.CategoryModule.csproj", "{48C6A631-6AEA-4523-839C-6D95A953EC05}"
EndProject
Project("{FAE04EC0-301F-11D3-BF4B-00C04F79EFBC}") = "KB.SubCategoryModule", "Modules\KB.SubCategoryModule\KB.SubCategoryModule.csproj", "{0DA3B1CC-1C78-48FE-A774-2C014E3B3233}"
EndProject
Project("{FAE04EC0-301F-11D3-BF4B-00C04F79EFBC}") = "KB.PaSModule", "Modules\KB.PaSModule\KB.PaSModule.csproj", "{9B24E199-0582-4148-B994-D77A6DCB16F4}"
EndProject
Global
	GlobalSection(SolutionConfigurationPlatforms) = preSolution
		Debug|Any CPU = Debug|Any CPU
		Release|Any CPU = Release|Any CPU
	EndGlobalSection
	GlobalSection(ProjectConfigurationPlatforms) = postSolution
		{E1D6C98E-E386-4FF8-88BD-9A2288209CCF}.Debug|Any CPU.ActiveCfg = Debug|Any CPU
		{E1D6C98E-E386-4FF8-88BD-9A2288209CCF}.Debug|Any CPU.Build.0 = Debug|Any CPU
		{E1D6C98E-E386-4FF8-88BD-9A2288209CCF}.Release|Any CPU.ActiveCfg = Release|Any CPU
		{E1D6C98E-E386-4FF8-88BD-9A2288209CCF}.Release|Any CPU.Build.0 = Release|Any CPU
		{98695871-C15F-436D-834D-05E4F29F1B03}.Debug|Any CPU.ActiveCfg = Debug|Any CPU
		{98695871-C15F-436D-834D-05E4F29F1B03}.Debug|Any CPU.Build.0 = Debug|Any CPU
		{98695871-C15F-436D-834D-05E4F29F1B03}.Release|Any CPU.ActiveCfg = Release|Any CPU
		{98695871-C15F-436D-834D-05E4F29F1B03}.Release|Any CPU.Build.0 = Release|Any CPU
		{46BBD1B5-B7BA-40F5-A6AB-D97289B143A5}.Debug|Any CPU.ActiveCfg = Debug|Any CPU
		{46BBD1B5-B7BA-40F5-A6AB-D97289B143A5}.Debug|Any CPU.Build.0 = Debug|Any CPU
		{46BBD1B5-B7BA-40F5-A6AB-D97289B143A5}.Release|Any CPU.ActiveCfg = Release|Any CPU
		{46BBD1B5-B7BA-40F5-A6AB-D97289B143A5}.Release|Any CPU.Build.0 = Release|Any CPU
		{8C3C5892-8985-49A1-9A12-801DD12BF7E7}.Debug|Any CPU.ActiveCfg = Debug|Any CPU
		{8C3C5892-8985-49A1-9A12-801DD12BF7E7}.Debug|Any CPU.Build.0 = Debug|Any CPU
		{8C3C5892-8985-49A1-9A12-801DD12BF7E7}.Release|Any CPU.ActiveCfg = Release|Any CPU
		{8C3C5892-8985-49A1-9A12-801DD12BF7E7}.Release|Any CPU.Build.0 = Release|Any CPU
		{D5276B2F-B895-4185-A55A-30CDD2E14730}.Debug|Any CPU.ActiveCfg = Debug|Any CPU
		{D5276B2F-B895-4185-A55A-30CDD2E14730}.Debug|Any CPU.Build.0 = Debug|Any CPU
		{D5276B2F-B895-4185-A55A-30CDD2E14730}.Release|Any CPU.ActiveCfg = Release|Any CPU
		{D5276B2F-B895-4185-A55A-30CDD2E14730}.Release|Any CPU.Build.0 = Release|Any CPU
		{5F3DAF58-D67A-4122-A710-4E5D714B59D4}.Debug|Any CPU.ActiveCfg = Debug|Any CPU
		{5F3DAF58-D67A-4122-A710-4E5D714B59D4}.Debug|Any CPU.Build.0 = Debug|Any CPU
		{5F3DAF58-D67A-4122-A710-4E5D714B59D4}.Release|Any CPU.ActiveCfg = Release|Any CPU
		{5F3DAF58-D67A-4122-A710-4E5D714B59D4}.Release|Any CPU.Build.0 = Release|Any CPU
		{9AAE7D27-8EB0-426C-AC66-D15BDA9FA9AC}.Debug|Any CPU.ActiveCfg = Debug|Any CPU
		{9AAE7D27-8EB0-426C-AC66-D15BDA9FA9AC}.Debug|Any CPU.Build.0 = Debug|Any CPU
		{9AAE7D27-8EB0-426C-AC66-D15BDA9FA9AC}.Release|Any CPU.ActiveCfg = Release|Any CPU
		{9AAE7D27-8EB0-426C-AC66-D15BDA9FA9AC}.Release|Any CPU.Build.0 = Release|Any CPU
		{81DF9E6C-3832-4B85-8200-CB8CA8EC50F9}.Debug|Any CPU.ActiveCfg = Debug|Any CPU
		{81DF9E6C-3832-4B85-8200-CB8CA8EC50F9}.Debug|Any CPU.Build.0 = Debug|Any CPU
		{81DF9E6C-3832-4B85-8200-CB8CA8EC50F9}.Release|Any CPU.ActiveCfg = Release|Any CPU
		{81DF9E6C-3832-4B85-8200-CB8CA8EC50F9}.Release|Any CPU.Build.0 = Release|Any CPU
		{ECF30690-95AB-4167-99AF-61EA18371BD0}.Debug|Any CPU.ActiveCfg = Debug|Any CPU
		{ECF30690-95AB-4167-99AF-61EA18371BD0}.Debug|Any CPU.Build.0 = Debug|Any CPU
		{ECF30690-95AB-4167-99AF-61EA18371BD0}.Release|Any CPU.ActiveCfg = Release|Any CPU
		{ECF30690-95AB-4167-99AF-61EA18371BD0}.Release|Any CPU.Build.0 = Release|Any CPU
		{92BBD591-137B-419E-95DF-90B8BAAB3C19}.Debug|Any CPU.ActiveCfg = Debug|Any CPU
		{92BBD591-137B-419E-95DF-90B8BAAB3C19}.Debug|Any CPU.Build.0 = Debug|Any CPU
		{92BBD591-137B-419E-95DF-90B8BAAB3C19}.Release|Any CPU.ActiveCfg = Release|Any CPU
		{92BBD591-137B-419E-95DF-90B8BAAB3C19}.Release|Any CPU.Build.0 = Release|Any CPU
		{69A76156-DD02-4C70-B7F5-3ACDB8B9CF8A}.Debug|Any CPU.ActiveCfg = Debug|Any CPU
		{69A76156-DD02-4C70-B7F5-3ACDB8B9CF8A}.Debug|Any CPU.Build.0 = Debug|Any CPU
		{69A76156-DD02-4C70-B7F5-3ACDB8B9CF8A}.Release|Any CPU.ActiveCfg = Release|Any CPU
		{69A76156-DD02-4C70-B7F5-3ACDB8B9CF8A}.Release|Any CPU.Build.0 = Release|Any CPU
		{0B09E253-902D-4A66-94D5-28FA31BF21C9}.Debug|Any CPU.ActiveCfg = Debug|Any CPU
		{0B09E253-902D-4A66-94D5-28FA31BF21C9}.Debug|Any CPU.Build.0 = Debug|Any CPU
		{0B09E253-902D-4A66-94D5-28FA31BF21C9}.Release|Any CPU.ActiveCfg = Release|Any CPU
		{0B09E253-902D-4A66-94D5-28FA31BF21C9}.Release|Any CPU.Build.0 = Release|Any CPU
		{E3449D06-0257-4DC3-9F4D-4446CB90CEB6}.Debug|Any CPU.ActiveCfg = Debug|Any CPU
		{E3449D06-0257-4DC3-9F4D-4446CB90CEB6}.Debug|Any CPU.Build.0 = Debug|Any CPU
		{E3449D06-0257-4DC3-9F4D-4446CB90CEB6}.Release|Any CPU.ActiveCfg = Release|Any CPU
		{E3449D06-0257-4DC3-9F4D-4446CB90CEB6}.Release|Any CPU.Build.0 = Release|Any CPU
		{9B7E22F0-B173-4B44-9B23-F26CA856A161}.Debug|Any CPU.ActiveCfg = Debug|Any CPU
		{9B7E22F0-B173-4B44-9B23-F26CA856A161}.Debug|Any CPU.Build.0 = Debug|Any CPU
		{9B7E22F0-B173-4B44-9B23-F26CA856A161}.Release|Any CPU.ActiveCfg = Release|Any CPU
		{9B7E22F0-B173-4B44-9B23-F26CA856A161}.Release|Any CPU.Build.0 = Release|Any CPU
		{C3BBC5EE-DD6F-4D91-B2AD-DBB9B315E9C7}.Debug|Any CPU.ActiveCfg = Debug|Any CPU
		{C3BBC5EE-DD6F-4D91-B2AD-DBB9B315E9C7}.Debug|Any CPU.Build.0 = Debug|Any CPU
		{C3BBC5EE-DD6F-4D91-B2AD-DBB9B315E9C7}.Release|Any CPU.ActiveCfg = Release|Any CPU
		{C3BBC5EE-DD6F-4D91-B2AD-DBB9B315E9C7}.Release|Any CPU.Build.0 = Release|Any CPU
		{48C6A631-6AEA-4523-839C-6D95A953EC05}.Debug|Any CPU.ActiveCfg = Debug|Any CPU
		{48C6A631-6AEA-4523-839C-6D95A953EC05}.Debug|Any CPU.Build.0 = Debug|Any CPU
		{48C6A631-6AEA-4523-839C-6D95A953EC05}.Release|Any CPU.ActiveCfg = Release|Any CPU
		{48C6A631-6AEA-4523-839C-6D95A953EC05}.Release|Any CPU.Build.0 = Release|Any CPU
		{0DA3B1CC-1C78-48FE-A774-2C014E3B3233}.Debug|Any CPU.ActiveCfg = Debug|Any CPU
		{0DA3B1CC-1C78-48FE-A774-2C014E3B3233}.Debug|Any CPU.Build.0 = Debug|Any CPU
		{0DA3B1CC-1C78-48FE-A774-2C014E3B3233}.Release|Any CPU.ActiveCfg = Release|Any CPU
		{0DA3B1CC-1C78-48FE-A774-2C014E3B3233}.Release|Any CPU.Build.0 = Release|Any CPU
		{9B24E199-0582-4148-B994-D77A6DCB16F4}.Debug|Any CPU.ActiveCfg = Debug|Any CPU
		{9B24E199-0582-4148-B994-D77A6DCB16F4}.Debug|Any CPU.Build.0 = Debug|Any CPU
		{9B24E199-0582-4148-B994-D77A6DCB16F4}.Release|Any CPU.ActiveCfg = Release|Any CPU
		{9B24E199-0582-4148-B994-D77A6DCB16F4}.Release|Any CPU.Build.0 = Release|Any CPU
	EndGlobalSection
	GlobalSection(SolutionProperties) = preSolution
		HideSolutionNode = FALSE
	EndGlobalSection
	GlobalSection(NestedProjects) = preSolution
		{8C3C5892-8985-49A1-9A12-801DD12BF7E7} = {87D3FD46-479A-49EC-80F4-9DBE8345A9FE}
		{D5276B2F-B895-4185-A55A-30CDD2E14730} = {87D3FD46-479A-49EC-80F4-9DBE8345A9FE}
		{5F3DAF58-D67A-4122-A710-4E5D714B59D4} = {8B961AF1-CB86-47B0-AF44-05EE3F88F636}
		{9AAE7D27-8EB0-426C-AC66-D15BDA9FA9AC} = {87D3FD46-479A-49EC-80F4-9DBE8345A9FE}
		{81DF9E6C-3832-4B85-8200-CB8CA8EC50F9} = {87D3FD46-479A-49EC-80F4-9DBE8345A9FE}
		{ECF30690-95AB-4167-99AF-61EA18371BD0} = {AA323F08-80E2-49CC-A1F4-706F8E9012C0}
		{92BBD591-137B-419E-95DF-90B8BAAB3C19} = {87D3FD46-479A-49EC-80F4-9DBE8345A9FE}
		{69A76156-DD02-4C70-B7F5-3ACDB8B9CF8A} = {87D3FD46-479A-49EC-80F4-9DBE8345A9FE}
		{0B09E253-902D-4A66-94D5-28FA31BF21C9} = {AA323F08-80E2-49CC-A1F4-706F8E9012C0}
		{C3BBC5EE-DD6F-4D91-B2AD-DBB9B315E9C7} = {87D3FD46-479A-49EC-80F4-9DBE8345A9FE}
		{48C6A631-6AEA-4523-839C-6D95A953EC05} = {87D3FD46-479A-49EC-80F4-9DBE8345A9FE}
		{0DA3B1CC-1C78-48FE-A774-2C014E3B3233} = {87D3FD46-479A-49EC-80F4-9DBE8345A9FE}
		{9B24E199-0582-4148-B994-D77A6DCB16F4} = {87D3FD46-479A-49EC-80F4-9DBE8345A9FE}
	EndGlobalSection
EndGlobal
